
Microsoft Visual Studio Solution File, Format Version 12.00
# Visual Studio 2013
VisualStudioVersion = 12.0.21005.1
MinimumVisualStudioVersion = 10.0.40219.1
Project("{FAE04EC0-301F-11D3-BF4B-00C04F79EFBC}") = "DDSIC", "DDSIC\DDSIC.csproj", "{1D618758-5F8D-4EF9-813E-967C05E7E8D1}"
	ProjectSection(ProjectDependencies) = postProject
		{EB2F7811-97EB-4482-B608-BCB034B8E26E} = {EB2F7811-97EB-4482-B608-BCB034B8E26E}
		{10C6B0A5-12ED-4E94-97CF-EC9CF8A006D9} = {10C6B0A5-12ED-4E94-97CF-EC9CF8A006D9}
		{0D227CD0-3855-4004-AC9B-008A7A2B1A39} = {0D227CD0-3855-4004-AC9B-008A7A2B1A39}
	EndProjectSection
EndProject
Project("{FAE04EC0-301F-11D3-BF4B-00C04F79EFBC}") = "MODELO", "MODELO\MODELO.csproj", "{10C6B0A5-12ED-4E94-97CF-EC9CF8A006D9}"
EndProject
Project("{FAE04EC0-301F-11D3-BF4B-00C04F79EFBC}") = "DDB", "DDB\DDB.csproj", "{0D227CD0-3855-4004-AC9B-008A7A2B1A39}"
	ProjectSection(ProjectDependencies) = postProject
		{10C6B0A5-12ED-4E94-97CF-EC9CF8A006D9} = {10C6B0A5-12ED-4E94-97CF-EC9CF8A006D9}
	EndProjectSection
EndProject
Project("{FAE04EC0-301F-11D3-BF4B-00C04F79EFBC}") = "ControlesPersonalizados", "..\ControlesPersonalizados\ControlesPersonalizados.csproj", "{EB2F7811-97EB-4482-B608-BCB034B8E26E}"
EndProject
Global
	GlobalSection(SolutionConfigurationPlatforms) = preSolution
		Debug|Any CPU = Debug|Any CPU
		Release|Any CPU = Release|Any CPU
	EndGlobalSection
	GlobalSection(ProjectConfigurationPlatforms) = postSolution
		{1D618758-5F8D-4EF9-813E-967C05E7E8D1}.Debug|Any CPU.ActiveCfg = Debug|Any CPU
		{1D618758-5F8D-4EF9-813E-967C05E7E8D1}.Debug|Any CPU.Build.0 = Debug|Any CPU
		{1D618758-5F8D-4EF9-813E-967C05E7E8D1}.Release|Any CPU.ActiveCfg = Release|Any CPU
		{1D618758-5F8D-4EF9-813E-967C05E7E8D1}.Release|Any CPU.Build.0 = Release|Any CPU
		{10C6B0A5-12ED-4E94-97CF-EC9CF8A006D9}.Debug|Any CPU.ActiveCfg = Debug|Any CPU
		{10C6B0A5-12ED-4E94-97CF-EC9CF8A006D9}.Debug|Any CPU.Build.0 = Debug|Any CPU
		{10C6B0A5-12ED-4E94-97CF-EC9CF8A006D9}.Release|Any CPU.ActiveCfg = Release|Any CPU
		{10C6B0A5-12ED-4E94-97CF-EC9CF8A006D9}.Release|Any CPU.Build.0 = Release|Any CPU
		{0D227CD0-3855-4004-AC9B-008A7A2B1A39}.Debug|Any CPU.ActiveCfg = Debug|Any CPU
		{0D227CD0-3855-4004-AC9B-008A7A2B1A39}.Debug|Any CPU.Build.0 = Debug|Any CPU
		{0D227CD0-3855-4004-AC9B-008A7A2B1A39}.Release|Any CPU.ActiveCfg = Release|Any CPU
		{0D227CD0-3855-4004-AC9B-008A7A2B1A39}.Release|Any CPU.Build.0 = Release|Any CPU
		{EB2F7811-97EB-4482-B608-BCB034B8E26E}.Debug|Any CPU.ActiveCfg = Debug|Any CPU
		{EB2F7811-97EB-4482-B608-BCB034B8E26E}.Debug|Any CPU.Build.0 = Debug|Any CPU
		{EB2F7811-97EB-4482-B608-BCB034B8E26E}.Release|Any CPU.ActiveCfg = Release|Any CPU
		{EB2F7811-97EB-4482-B608-BCB034B8E26E}.Release|Any CPU.Build.0 = Release|Any CPU
	EndGlobalSection
	GlobalSection(SolutionProperties) = preSolution
		HideSolutionNode = FALSE
	EndGlobalSection
EndGlobal
